
Microsoft Visual Studio Solution File, Format Version 12.00
# Visual Studio Version 17
VisualStudioVersion = 17.13.35806.99 d17.13
MinimumVisualStudioVersion = 10.0.40219.1
Project("{FAE04EC0-301F-11D3-BF4B-00C04F79EFBC}") = "C# Project Assignment", "C# Project Assignment\C# Project Assignment.csproj", "{7AB26918-0CBF-41CA-895E-D179A1BCFAC1}"
EndProject
Global
	GlobalSection(SolutionConfigurationPlatforms) = preSolution
		Debug|Any CPU = Debug|Any CPU
		Release|Any CPU = Release|Any CPU
	EndGlobalSection
	GlobalSection(ProjectConfigurationPlatforms) = postSolution
		{7AB26918-0CBF-41CA-895E-D179A1BCFAC1}.Debug|Any CPU.ActiveCfg = Debug|Any CPU
		{7AB26918-0CBF-41CA-895E-D179A1BCFAC1}.Debug|Any CPU.Build.0 = Debug|Any CPU
		{7AB26918-0CBF-41CA-895E-D179A1BCFAC1}.Release|Any CPU.ActiveCfg = Release|Any CPU
		{7AB26918-0CBF-41CA-895E-D179A1BCFAC1}.Release|Any CPU.Build.0 = Release|Any CPU
	EndGlobalSection
	GlobalSection(SolutionProperties) = preSolution
		HideSolutionNode = FALSE
	EndGlobalSection
	GlobalSection(ExtensibilityGlobals) = postSolution
		SolutionGuid = {595DF557-E651-47D8-B4A0-172BFF56041D}
	EndGlobalSection
EndGlobal
