
Microsoft Visual Studio Solution File, Format Version 12.00
# Visual Studio Version 17
VisualStudioVersion = 17.13.35806.99 d17.13
MinimumVisualStudioVersion = 10.0.40219.1
Project("{FAE04EC0-301F-11D3-BF4B-00C04F79EFBC}") = "Stack", "ConsoleApp1\Stack.csproj", "{ED8BF902-96BE-482B-ACF7-479A6B4E78FC}"
EndProject
Global
	GlobalSection(SolutionConfigurationPlatforms) = preSolution
		Debug|Any CPU = Debug|Any CPU
		Release|Any CPU = Release|Any CPU
	EndGlobalSection
	GlobalSection(ProjectConfigurationPlatforms) = postSolution
		{ED8BF902-96BE-482B-ACF7-479A6B4E78FC}.Debug|Any CPU.ActiveCfg = Debug|Any CPU
		{ED8BF902-96BE-482B-ACF7-479A6B4E78FC}.Debug|Any CPU.Build.0 = Debug|Any CPU
		{ED8BF902-96BE-482B-ACF7-479A6B4E78FC}.Release|Any CPU.ActiveCfg = Release|Any CPU
		{ED8BF902-96BE-482B-ACF7-479A6B4E78FC}.Release|Any CPU.Build.0 = Release|Any CPU
	EndGlobalSection
	GlobalSection(SolutionProperties) = preSolution
		HideSolutionNode = FALSE
	EndGlobalSection
	GlobalSection(ExtensibilityGlobals) = postSolution
		SolutionGuid = {9B88DB5B-951A-42EE-BC17-D03BE6CE2D4A}
	EndGlobalSection
EndGlobal
